
Microsoft Visual Studio Solution File, Format Version 12.00
# Visual Studio 15
VisualStudioVersion = 15.0.28307.1738
MinimumVisualStudioVersion = 10.0.40219.1
Project("{8BC9CEB8-8B4A-11D0-8D11-00A0C91BC942}") = "MPI", "MPI\MPI.vcxproj", "{381A3E4E-97AE-42A7-B2AF-F8DB2791322C}"
EndProject
Global
	GlobalSection(SolutionConfigurationPlatforms) = preSolution
		Debug|x64 = Debug|x64
		Debug|x86 = Debug|x86
		Release|x64 = Release|x64
		Release|x86 = Release|x86
	EndGlobalSection
	GlobalSection(ProjectConfigurationPlatforms) = postSolution
		{381A3E4E-97AE-42A7-B2AF-F8DB2791322C}.Debug|x64.ActiveCfg = Debug|x64
		{381A3E4E-97AE-42A7-B2AF-F8DB2791322C}.Debug|x64.Build.0 = Debug|x64
		{381A3E4E-97AE-42A7-B2AF-F8DB2791322C}.Debug|x86.ActiveCfg = Debug|Win32
		{381A3E4E-97AE-42A7-B2AF-F8DB2791322C}.Debug|x86.Build.0 = Debug|Win32
		{381A3E4E-97AE-42A7-B2AF-F8DB2791322C}.Release|x64.ActiveCfg = Release|x64
		{381A3E4E-97AE-42A7-B2AF-F8DB2791322C}.Release|x64.Build.0 = Release|x64
		{381A3E4E-97AE-42A7-B2AF-F8DB2791322C}.Release|x86.ActiveCfg = Release|Win32
		{381A3E4E-97AE-42A7-B2AF-F8DB2791322C}.Release|x86.Build.0 = Release|Win32
	EndGlobalSection
	GlobalSection(SolutionProperties) = preSolution
		HideSolutionNode = FALSE
	EndGlobalSection
	GlobalSection(ExtensibilityGlobals) = postSolution
		SolutionGuid = {C132B71D-35A5-4600-80C6-D15FF70EECA8}
	EndGlobalSection
EndGlobal
